
Microsoft Visual Studio Solution File, Format Version 12.00
# Visual Studio Version 16
VisualStudioVersion = 16.0.29424.173
MinimumVisualStudioVersion = 10.0.40219.1
Project("{888888A0-9F3D-457C-B088-3A5042F75D52}") = "TensorFlow_UIClassifier", "TensorFlow_UIClassifier\TensorFlow_UIClassifier.pyproj", "{47FDD226-B8D7-4E72-B372-44FA45DABA38}"
EndProject
Project("{888888A0-9F3D-457C-B088-3A5042F75D52}") = "TFRecord_Builder", "TFRecord_Builder\TFRecord_Builder.pyproj", "{7B751B00-3F4E-4D5A-9E9C-5E79B5EDF167}"
EndProject
Global
	GlobalSection(SolutionConfigurationPlatforms) = preSolution
		Debug|Any CPU = Debug|Any CPU
		Release|Any CPU = Release|Any CPU
	EndGlobalSection
	GlobalSection(ProjectConfigurationPlatforms) = postSolution
		{47FDD226-B8D7-4E72-B372-44FA45DABA38}.Debug|Any CPU.ActiveCfg = Debug|Any CPU
		{47FDD226-B8D7-4E72-B372-44FA45DABA38}.Release|Any CPU.ActiveCfg = Release|Any CPU
		{7B751B00-3F4E-4D5A-9E9C-5E79B5EDF167}.Debug|Any CPU.ActiveCfg = Debug|Any CPU
		{7B751B00-3F4E-4D5A-9E9C-5E79B5EDF167}.Release|Any CPU.ActiveCfg = Release|Any CPU
	EndGlobalSection
	GlobalSection(SolutionProperties) = preSolution
		HideSolutionNode = FALSE
	EndGlobalSection
	GlobalSection(ExtensibilityGlobals) = postSolution
		SolutionGuid = {C2341690-3676-49EF-97C2-ADB2F0160233}
	EndGlobalSection
EndGlobal
